// !$*UTF8*$!
{
	archiveVersion = 1;
	classes = {
	};
	objectVersion = 56;
	objects = {

/* Begin PBXBuildFile section */
		B6016CDB2A9CEC470041BA4A /* CoordinatorFactory.swift in Sources */ = {isa = PBXBuildFile; fileRef = B6016CDA2A9CEC470041BA4A /* CoordinatorFactory.swift */; };
		B6016CDF2A9CEDA90041BA4A /* BaseRouter.swift in Sources */ = {isa = PBXBuildFile; fileRef = B6016CDE2A9CEDA90041BA4A /* BaseRouter.swift */; };
		B6016CE12A9CEDF30041BA4A /* Router.swift in Sources */ = {isa = PBXBuildFile; fileRef = B6016CE02A9CEDF30041BA4A /* Router.swift */; };
		B6016CE42A9CEF1A0041BA4A /* Coordinator.swift in Sources */ = {isa = PBXBuildFile; fileRef = B6016CE32A9CEF1A0041BA4A /* Coordinator.swift */; };
		B6016CE72A9CF7350041BA4A /* RequestSender.swift in Sources */ = {isa = PBXBuildFile; fileRef = B6016CE62A9CF7350041BA4A /* RequestSender.swift */; };
		B6016CE92A9CF7AB0041BA4A /* RequestSenderInput.swift in Sources */ = {isa = PBXBuildFile; fileRef = B6016CE82A9CF7AB0041BA4A /* RequestSenderInput.swift */; };
		B6016CEB2A9CF7E90041BA4A /* RequestSenderError.swift in Sources */ = {isa = PBXBuildFile; fileRef = B6016CEA2A9CF7E90041BA4A /* RequestSenderError.swift */; };
		B6016CEE2A9CF8B90041BA4A /* ImageLoader.swift in Sources */ = {isa = PBXBuildFile; fileRef = B6016CED2A9CF8B90041BA4A /* ImageLoader.swift */; };
		B6016CF02A9CF9020041BA4A /* ImageLoaderInput.swift in Sources */ = {isa = PBXBuildFile; fileRef = B6016CEF2A9CF9020041BA4A /* ImageLoaderInput.swift */; };
		B6016CFB2A9CFCC40041BA4A /* SceneAssembler.swift in Sources */ = {isa = PBXBuildFile; fileRef = B6016CFA2A9CFCC40041BA4A /* SceneAssembler.swift */; };
		B6016CFD2A9CFD010041BA4A /* SceneAssembly.swift in Sources */ = {isa = PBXBuildFile; fileRef = B6016CFC2A9CFD010041BA4A /* SceneAssembly.swift */; };
		B6016CFF2A9CFDBE0041BA4A /* Presentable.swift in Sources */ = {isa = PBXBuildFile; fileRef = B6016CFE2A9CFDBE0041BA4A /* Presentable.swift */; };
		B6016D012A9CFE730041BA4A /* ListPresenterToCoordinator.swift in Sources */ = {isa = PBXBuildFile; fileRef = B6016D002A9CFE730041BA4A /* ListPresenterToCoordinator.swift */; };
		B6016D042A9CFF060041BA4A /* ListService.swift in Sources */ = {isa = PBXBuildFile; fileRef = B6016D032A9CFF060041BA4A /* ListService.swift */; };
		B6016D062A9CFF3F0041BA4A /* ListServiceInput.swift in Sources */ = {isa = PBXBuildFile; fileRef = B6016D052A9CFF3F0041BA4A /* ListServiceInput.swift */; };
		B6016D082A9CFF7D0041BA4A /* ListSchema.swift in Sources */ = {isa = PBXBuildFile; fileRef = B6016D072A9CFF7D0041BA4A /* ListSchema.swift */; };
		B6016D0B2A9CFFE80041BA4A /* ListPresenter.swift in Sources */ = {isa = PBXBuildFile; fileRef = B6016D0A2A9CFFE80041BA4A /* ListPresenter.swift */; };
		B6016D0D2A9D002C0041BA4A /* ListPresenterToView.swift in Sources */ = {isa = PBXBuildFile; fileRef = B6016D0C2A9D002C0041BA4A /* ListPresenterToView.swift */; };
		B6016D0F2A9D00A50041BA4A /* Statable.swift in Sources */ = {isa = PBXBuildFile; fileRef = B6016D0E2A9D00A50041BA4A /* Statable.swift */; };
		B6016D122A9D00F80041BA4A /* ViewControllerState.swift in Sources */ = {isa = PBXBuildFile; fileRef = B6016D112A9D00F80041BA4A /* ViewControllerState.swift */; };
		B6016D142A9D016F0041BA4A /* CardViewModel.swift in Sources */ = {isa = PBXBuildFile; fileRef = B6016D132A9D016F0041BA4A /* CardViewModel.swift */; };
		B6016D162A9D01B40041BA4A /* CallAsyncThrowing.swift in Sources */ = {isa = PBXBuildFile; fileRef = B6016D152A9D01B40041BA4A /* CallAsyncThrowing.swift */; };
		B6016D182A9D02330041BA4A /* ListPresenterInput.swift in Sources */ = {isa = PBXBuildFile; fileRef = B6016D172A9D02330041BA4A /* ListPresenterInput.swift */; };
		B6016D1A2A9D02CA0041BA4A /* ListViewController.swift in Sources */ = {isa = PBXBuildFile; fileRef = B6016D192A9D02CA0041BA4A /* ListViewController.swift */; };
		B6016D1C2A9D03C00041BA4A /* LoaderView.swift in Sources */ = {isa = PBXBuildFile; fileRef = B6016D1B2A9D03C00041BA4A /* LoaderView.swift */; };
		B6016D1E2A9D03FF0041BA4A /* Palette.swift in Sources */ = {isa = PBXBuildFile; fileRef = B6016D1D2A9D03FF0041BA4A /* Palette.swift */; };
		B6016D202A9D046C0041BA4A /* ErrorMessageView.swift in Sources */ = {isa = PBXBuildFile; fileRef = B6016D1F2A9D046C0041BA4A /* ErrorMessageView.swift */; };
		B6016D222A9D05410041BA4A /* UIColor+dynamicColor.swift in Sources */ = {isa = PBXBuildFile; fileRef = B6016D212A9D05410041BA4A /* UIColor+dynamicColor.swift */; };
		B6016D262A9D05FD0041BA4A /* CardCell.swift in Sources */ = {isa = PBXBuildFile; fileRef = B6016D252A9D05FD0041BA4A /* CardCell.swift */; };
		B6016D292A9D06E10041BA4A /* UIView+addSubviewAndPinToEdges.swift in Sources */ = {isa = PBXBuildFile; fileRef = B6016D282A9D06E10041BA4A /* UIView+addSubviewAndPinToEdges.swift */; };
		B6016D2B2A9D09B50041BA4A /* ApplicationCoordinator.swift in Sources */ = {isa = PBXBuildFile; fileRef = B6016D2A2A9D09B50041BA4A /* ApplicationCoordinator.swift */; };
		B6016D2E2A9D0AD40041BA4A /* DetailsService.swift in Sources */ = {isa = PBXBuildFile; fileRef = B6016D2D2A9D0AD40041BA4A /* DetailsService.swift */; };
		B6016D302A9D0B070041BA4A /* DetailsServiceInput.swift in Sources */ = {isa = PBXBuildFile; fileRef = B6016D2F2A9D0B070041BA4A /* DetailsServiceInput.swift */; };
		B6016D322A9D0B310041BA4A /* DetailsSchema.swift in Sources */ = {isa = PBXBuildFile; fileRef = B6016D312A9D0B310041BA4A /* DetailsSchema.swift */; };
		B6016D392A9D0F020041BA4A /* ActionHandler.swift in Sources */ = {isa = PBXBuildFile; fileRef = B6016D382A9D0F020041BA4A /* ActionHandler.swift */; };
		B6016D3B2A9D0F3E0041BA4A /* ActionHandlerInput.swift in Sources */ = {isa = PBXBuildFile; fileRef = B6016D3A2A9D0F3E0041BA4A /* ActionHandlerInput.swift */; };
		B6016D3E2A9D10360041BA4A /* DetailsPresenter.swift in Sources */ = {isa = PBXBuildFile; fileRef = B6016D3D2A9D10360041BA4A /* DetailsPresenter.swift */; };
		B6016D412A9D10840041BA4A /* DetailsPresenterToView.swift in Sources */ = {isa = PBXBuildFile; fileRef = B6016D402A9D10840041BA4A /* DetailsPresenterToView.swift */; };
		B6016D432A9D10CB0041BA4A /* DetailsViewModel.swift in Sources */ = {isa = PBXBuildFile; fileRef = B6016D422A9D10CB0041BA4A /* DetailsViewModel.swift */; };
		B6016D462A9D112F0041BA4A /* DetailsPresenterInput.swift in Sources */ = {isa = PBXBuildFile; fileRef = B6016D452A9D112F0041BA4A /* DetailsPresenterInput.swift */; };
		B6016D492A9D12F70041BA4A /* DetailsView.swift in Sources */ = {isa = PBXBuildFile; fileRef = B6016D482A9D12F70041BA4A /* DetailsView.swift */; };
		B6016D4B2A9D137A0041BA4A /* DetailsViewController.swift in Sources */ = {isa = PBXBuildFile; fileRef = B6016D4A2A9D137A0041BA4A /* DetailsViewController.swift */; };
		B6016D4D2A9D13EE0041BA4A /* UIViewController+Presentable.swift in Sources */ = {isa = PBXBuildFile; fileRef = B6016D4C2A9D13EE0041BA4A /* UIViewController+Presentable.swift */; };
		B6D0D77D2A9BDD6100B50FDD /* AppDelegate.swift in Sources */ = {isa = PBXBuildFile; fileRef = B6D0D77C2A9BDD6100B50FDD /* AppDelegate.swift */; };
		B6D0D7862A9BDD6200B50FDD /* Assets.xcassets in Resources */ = {isa = PBXBuildFile; fileRef = B6D0D7852A9BDD6200B50FDD /* Assets.xcassets */; };
		B6D0D7892A9BDD6200B50FDD /* LaunchScreen.storyboard in Resources */ = {isa = PBXBuildFile; fileRef = B6D0D7872A9BDD6200B50FDD /* LaunchScreen.storyboard */; };
/* End PBXBuildFile section */

/* Begin PBXFileReference section */
		B6016CDA2A9CEC470041BA4A /* CoordinatorFactory.swift */ = {isa = PBXFileReference; lastKnownFileType = sourcecode.swift; path = CoordinatorFactory.swift; sourceTree = "<group>"; };
		B6016CDE2A9CEDA90041BA4A /* BaseRouter.swift */ = {isa = PBXFileReference; lastKnownFileType = sourcecode.swift; path = BaseRouter.swift; sourceTree = "<group>"; };
		B6016CE02A9CEDF30041BA4A /* Router.swift */ = {isa = PBXFileReference; lastKnownFileType = sourcecode.swift; path = Router.swift; sourceTree = "<group>"; };
		B6016CE32A9CEF1A0041BA4A /* Coordinator.swift */ = {isa = PBXFileReference; lastKnownFileType = sourcecode.swift; path = Coordinator.swift; sourceTree = "<group>"; };
		B6016CE62A9CF7350041BA4A /* RequestSender.swift */ = {isa = PBXFileReference; lastKnownFileType = sourcecode.swift; path = RequestSender.swift; sourceTree = "<group>"; };
		B6016CE82A9CF7AB0041BA4A /* RequestSenderInput.swift */ = {isa = PBXFileReference; lastKnownFileType = sourcecode.swift; path = RequestSenderInput.swift; sourceTree = "<group>"; };
		B6016CEA2A9CF7E90041BA4A /* RequestSenderError.swift */ = {isa = PBXFileReference; lastKnownFileType = sourcecode.swift; path = RequestSenderError.swift; sourceTree = "<group>"; };
		B6016CED2A9CF8B90041BA4A /* ImageLoader.swift */ = {isa = PBXFileReference; lastKnownFileType = sourcecode.swift; path = ImageLoader.swift; sourceTree = "<group>"; };
		B6016CEF2A9CF9020041BA4A /* ImageLoaderInput.swift */ = {isa = PBXFileReference; lastKnownFileType = sourcecode.swift; path = ImageLoaderInput.swift; sourceTree = "<group>"; };
		B6016CFA2A9CFCC40041BA4A /* SceneAssembler.swift */ = {isa = PBXFileReference; lastKnownFileType = sourcecode.swift; path = SceneAssembler.swift; sourceTree = "<group>"; };
		B6016CFC2A9CFD010041BA4A /* SceneAssembly.swift */ = {isa = PBXFileReference; lastKnownFileType = sourcecode.swift; path = SceneAssembly.swift; sourceTree = "<group>"; };
		B6016CFE2A9CFDBE0041BA4A /* Presentable.swift */ = {isa = PBXFileReference; lastKnownFileType = sourcecode.swift; path = Presentable.swift; sourceTree = "<group>"; };
		B6016D002A9CFE730041BA4A /* ListPresenterToCoordinator.swift */ = {isa = PBXFileReference; lastKnownFileType = sourcecode.swift; path = ListPresenterToCoordinator.swift; sourceTree = "<group>"; };
		B6016D032A9CFF060041BA4A /* ListService.swift */ = {isa = PBXFileReference; lastKnownFileType = sourcecode.swift; path = ListService.swift; sourceTree = "<group>"; };
		B6016D052A9CFF3F0041BA4A /* ListServiceInput.swift */ = {isa = PBXFileReference; lastKnownFileType = sourcecode.swift; path = ListServiceInput.swift; sourceTree = "<group>"; };
		B6016D072A9CFF7D0041BA4A /* ListSchema.swift */ = {isa = PBXFileReference; lastKnownFileType = sourcecode.swift; path = ListSchema.swift; sourceTree = "<group>"; };
		B6016D0A2A9CFFE80041BA4A /* ListPresenter.swift */ = {isa = PBXFileReference; lastKnownFileType = sourcecode.swift; path = ListPresenter.swift; sourceTree = "<group>"; };
		B6016D0C2A9D002C0041BA4A /* ListPresenterToView.swift */ = {isa = PBXFileReference; lastKnownFileType = sourcecode.swift; path = ListPresenterToView.swift; sourceTree = "<group>"; };
		B6016D0E2A9D00A50041BA4A /* Statable.swift */ = {isa = PBXFileReference; lastKnownFileType = sourcecode.swift; path = Statable.swift; sourceTree = "<group>"; };
		B6016D112A9D00F80041BA4A /* ViewControllerState.swift */ = {isa = PBXFileReference; lastKnownFileType = sourcecode.swift; path = ViewControllerState.swift; sourceTree = "<group>"; };
		B6016D132A9D016F0041BA4A /* CardViewModel.swift */ = {isa = PBXFileReference; lastKnownFileType = sourcecode.swift; path = CardViewModel.swift; sourceTree = "<group>"; };
		B6016D152A9D01B40041BA4A /* CallAsyncThrowing.swift */ = {isa = PBXFileReference; lastKnownFileType = sourcecode.swift; path = CallAsyncThrowing.swift; sourceTree = "<group>"; };
		B6016D172A9D02330041BA4A /* ListPresenterInput.swift */ = {isa = PBXFileReference; lastKnownFileType = sourcecode.swift; path = ListPresenterInput.swift; sourceTree = "<group>"; };
		B6016D192A9D02CA0041BA4A /* ListViewController.swift */ = {isa = PBXFileReference; lastKnownFileType = sourcecode.swift; path = ListViewController.swift; sourceTree = "<group>"; };
		B6016D1B2A9D03C00041BA4A /* LoaderView.swift */ = {isa = PBXFileReference; lastKnownFileType = sourcecode.swift; path = LoaderView.swift; sourceTree = "<group>"; };
		B6016D1D2A9D03FF0041BA4A /* Palette.swift */ = {isa = PBXFileReference; lastKnownFileType = sourcecode.swift; path = Palette.swift; sourceTree = "<group>"; };
		B6016D1F2A9D046C0041BA4A /* ErrorMessageView.swift */ = {isa = PBXFileReference; lastKnownFileType = sourcecode.swift; path = ErrorMessageView.swift; sourceTree = "<group>"; };
		B6016D212A9D05410041BA4A /* UIColor+dynamicColor.swift */ = {isa = PBXFileReference; lastKnownFileType = sourcecode.swift; path = "UIColor+dynamicColor.swift"; sourceTree = "<group>"; };
		B6016D252A9D05FD0041BA4A /* CardCell.swift */ = {isa = PBXFileReference; lastKnownFileType = sourcecode.swift; path = CardCell.swift; sourceTree = "<group>"; };
		B6016D282A9D06E10041BA4A /* UIView+addSubviewAndPinToEdges.swift */ = {isa = PBXFileReference; lastKnownFileType = sourcecode.swift; path = "UIView+addSubviewAndPinToEdges.swift"; sourceTree = "<group>"; };
		B6016D2A2A9D09B50041BA4A /* ApplicationCoordinator.swift */ = {isa = PBXFileReference; lastKnownFileType = sourcecode.swift; path = ApplicationCoordinator.swift; sourceTree = "<group>"; };
		B6016D2D2A9D0AD40041BA4A /* DetailsService.swift */ = {isa = PBXFileReference; lastKnownFileType = sourcecode.swift; path = DetailsService.swift; sourceTree = "<group>"; };
		B6016D2F2A9D0B070041BA4A /* DetailsServiceInput.swift */ = {isa = PBXFileReference; lastKnownFileType = sourcecode.swift; path = DetailsServiceInput.swift; sourceTree = "<group>"; };
		B6016D312A9D0B310041BA4A /* DetailsSchema.swift */ = {isa = PBXFileReference; lastKnownFileType = sourcecode.swift; path = DetailsSchema.swift; sourceTree = "<group>"; };
		B6016D382A9D0F020041BA4A /* ActionHandler.swift */ = {isa = PBXFileReference; lastKnownFileType = sourcecode.swift; path = ActionHandler.swift; sourceTree = "<group>"; };
		B6016D3A2A9D0F3E0041BA4A /* ActionHandlerInput.swift */ = {isa = PBXFileReference; lastKnownFileType = sourcecode.swift; path = ActionHandlerInput.swift; sourceTree = "<group>"; };
		B6016D3D2A9D10360041BA4A /* DetailsPresenter.swift */ = {isa = PBXFileReference; lastKnownFileType = sourcecode.swift; path = DetailsPresenter.swift; sourceTree = "<group>"; };
		B6016D402A9D10840041BA4A /* DetailsPresenterToView.swift */ = {isa = PBXFileReference; lastKnownFileType = sourcecode.swift; path = DetailsPresenterToView.swift; sourceTree = "<group>"; };
		B6016D422A9D10CB0041BA4A /* DetailsViewModel.swift */ = {isa = PBXFileReference; lastKnownFileType = sourcecode.swift; path = DetailsViewModel.swift; sourceTree = "<group>"; };
		B6016D452A9D112F0041BA4A /* DetailsPresenterInput.swift */ = {isa = PBXFileReference; lastKnownFileType = sourcecode.swift; path = DetailsPresenterInput.swift; sourceTree = "<group>"; };
		B6016D482A9D12F70041BA4A /* DetailsView.swift */ = {isa = PBXFileReference; lastKnownFileType = sourcecode.swift; path = DetailsView.swift; sourceTree = "<group>"; };
		B6016D4A2A9D137A0041BA4A /* DetailsViewController.swift */ = {isa = PBXFileReference; lastKnownFileType = sourcecode.swift; path = DetailsViewController.swift; sourceTree = "<group>"; };
		B6016D4C2A9D13EE0041BA4A /* UIViewController+Presentable.swift */ = {isa = PBXFileReference; lastKnownFileType = sourcecode.swift; path = "UIViewController+Presentable.swift"; sourceTree = "<group>"; };
		B6D0D7792A9BDD6100B50FDD /* AvitoTestTask.app */ = {isa = PBXFileReference; explicitFileType = wrapper.application; includeInIndex = 0; path = AvitoTestTask.app; sourceTree = BUILT_PRODUCTS_DIR; };
		B6D0D77C2A9BDD6100B50FDD /* AppDelegate.swift */ = {isa = PBXFileReference; lastKnownFileType = sourcecode.swift; path = AppDelegate.swift; sourceTree = "<group>"; };
		B6D0D7852A9BDD6200B50FDD /* Assets.xcassets */ = {isa = PBXFileReference; lastKnownFileType = folder.assetcatalog; path = Assets.xcassets; sourceTree = "<group>"; };
		B6D0D7882A9BDD6200B50FDD /* Base */ = {isa = PBXFileReference; lastKnownFileType = file.storyboard; name = Base; path = Base.lproj/LaunchScreen.storyboard; sourceTree = "<group>"; };
		B6D0D78A2A9BDD6200B50FDD /* Info.plist */ = {isa = PBXFileReference; lastKnownFileType = text.plist.xml; path = Info.plist; sourceTree = "<group>"; };
/* End PBXFileReference section */

/* Begin PBXFrameworksBuildPhase section */
		B6D0D7762A9BDD6100B50FDD /* Frameworks */ = {
			isa = PBXFrameworksBuildPhase;
			buildActionMask = 2147483647;
			files = (
			);
			runOnlyForDeploymentPostprocessing = 0;
		};
/* End PBXFrameworksBuildPhase section */

/* Begin PBXGroup section */
		B6016CE22A9CEE3F0041BA4A /* Router */ = {
			isa = PBXGroup;
			children = (
				B6016CE02A9CEDF30041BA4A /* Router.swift */,
				B6016CDE2A9CEDA90041BA4A /* BaseRouter.swift */,
			);
			path = Router;
			sourceTree = "<group>";
		};
		B6016CE52A9CF6ED0041BA4A /* Architecture */ = {
			isa = PBXGroup;
			children = (
				B6016CE22A9CEE3F0041BA4A /* Router */,
				B6016CE32A9CEF1A0041BA4A /* Coordinator.swift */,
				B6016CFE2A9CFDBE0041BA4A /* Presentable.swift */,
			);
			path = Architecture;
			sourceTree = "<group>";
		};
		B6016CEC2A9CF8260041BA4A /* RequestSender */ = {
			isa = PBXGroup;
			children = (
				B6016CEA2A9CF7E90041BA4A /* RequestSenderError.swift */,
				B6016CE62A9CF7350041BA4A /* RequestSender.swift */,
				B6016CE82A9CF7AB0041BA4A /* RequestSenderInput.swift */,
			);
			path = RequestSender;
			sourceTree = "<group>";
		};
		B6016CF12A9CF9260041BA4A /* ImageLoader */ = {
			isa = PBXGroup;
			children = (
				B6016CED2A9CF8B90041BA4A /* ImageLoader.swift */,
				B6016CEF2A9CF9020041BA4A /* ImageLoaderInput.swift */,
			);
			path = ImageLoader;
			sourceTree = "<group>";
		};
		B6016CF92A9CFC2F0041BA4A /* Services */ = {
			isa = PBXGroup;
			children = (
				B6016D3C2A9D0F6B0041BA4A /* ActionHandler */,
				B6016CF12A9CF9260041BA4A /* ImageLoader */,
				B6016CEC2A9CF8260041BA4A /* RequestSender */,
			);
			path = Services;
			sourceTree = "<group>";
		};
		B6016D022A9CFED30041BA4A /* Presenter */ = {
			isa = PBXGroup;
			children = (
				B6016D0A2A9CFFE80041BA4A /* ListPresenter.swift */,
				B6016D172A9D02330041BA4A /* ListPresenterInput.swift */,
				B6016D0C2A9D002C0041BA4A /* ListPresenterToView.swift */,
				B6016D002A9CFE730041BA4A /* ListPresenterToCoordinator.swift */,
			);
			path = Presenter;
			sourceTree = "<group>";
		};
		B6016D092A9CFFB60041BA4A /* Service */ = {
			isa = PBXGroup;
			children = (
				B6016D032A9CFF060041BA4A /* ListService.swift */,
				B6016D052A9CFF3F0041BA4A /* ListServiceInput.swift */,
				B6016D072A9CFF7D0041BA4A /* ListSchema.swift */,
			);
			path = Service;
			sourceTree = "<group>";
		};
		B6016D102A9D00DE0041BA4A /* Components */ = {
			isa = PBXGroup;
			children = (
				B6016D1B2A9D03C00041BA4A /* LoaderView.swift */,
				B6016D1F2A9D046C0041BA4A /* ErrorMessageView.swift */,
				B6016D112A9D00F80041BA4A /* ViewControllerState.swift */,
				B6016D0E2A9D00A50041BA4A /* Statable.swift */,
				B6016D1D2A9D03FF0041BA4A /* Palette.swift */,
			);
			path = Components;
			sourceTree = "<group>";
		};
		B6016D232A9D05780041BA4A /* Extensions */ = {
			isa = PBXGroup;
			children = (
				B6016D212A9D05410041BA4A /* UIColor+dynamicColor.swift */,
				B6016D282A9D06E10041BA4A /* UIView+addSubviewAndPinToEdges.swift */,
				B6016D4C2A9D13EE0041BA4A /* UIViewController+Presentable.swift */,
			);
			path = Extensions;
			sourceTree = "<group>";
		};
		B6016D242A9D05DF0041BA4A /* Subviews */ = {
			isa = PBXGroup;
			children = (
				B6016D252A9D05FD0041BA4A /* CardCell.swift */,
				B6016D132A9D016F0041BA4A /* CardViewModel.swift */,
			);
			path = Subviews;
			sourceTree = "<group>";
		};
		B6016D272A9D068D0041BA4A /* View */ = {
			isa = PBXGroup;
			children = (
				B6016D242A9D05DF0041BA4A /* Subviews */,
				B6016D192A9D02CA0041BA4A /* ListViewController.swift */,
			);
			path = View;
			sourceTree = "<group>";
		};
		B6016D2C2A9D09EA0041BA4A /* Coordinator */ = {
			isa = PBXGroup;
			children = (
				B6016D2A2A9D09B50041BA4A /* ApplicationCoordinator.swift */,
			);
			path = Coordinator;
			sourceTree = "<group>";
		};
		B6016D332A9D0B660041BA4A /* Service */ = {
			isa = PBXGroup;
			children = (
				B6016D2D2A9D0AD40041BA4A /* DetailsService.swift */,
				B6016D2F2A9D0B070041BA4A /* DetailsServiceInput.swift */,
				B6016D312A9D0B310041BA4A /* DetailsSchema.swift */,
			);
			path = Service;
			sourceTree = "<group>";
		};
		B6016D342A9D0BD20041BA4A /* ListScene */ = {
			isa = PBXGroup;
			children = (
				B6016D272A9D068D0041BA4A /* View */,
				B6016D022A9CFED30041BA4A /* Presenter */,
				B6016D092A9CFFB60041BA4A /* Service */,
			);
			path = ListScene;
			sourceTree = "<group>";
		};
		B6016D352A9D0CC70041BA4A /* Scenes */ = {
			isa = PBXGroup;
			children = (
				B6016D342A9D0BD20041BA4A /* ListScene */,
				B6016D362A9D0D230041BA4A /* DetailsScene */,
				B6016CFA2A9CFCC40041BA4A /* SceneAssembler.swift */,
				B6016CFC2A9CFD010041BA4A /* SceneAssembly.swift */,
			);
			path = Scenes;
			sourceTree = "<group>";
		};
		B6016D362A9D0D230041BA4A /* DetailsScene */ = {
			isa = PBXGroup;
			children = (
				B6016D442A9D10F10041BA4A /* View */,
				B6016D3F2A9D106C0041BA4A /* Presenter */,
				B6016D332A9D0B660041BA4A /* Service */,
			);
			path = DetailsScene;
			sourceTree = "<group>";
		};
		B6016D372A9D0E7F0041BA4A /* Flow */ = {
			isa = PBXGroup;
			children = (
				B6016D2C2A9D09EA0041BA4A /* Coordinator */,
				B6016D352A9D0CC70041BA4A /* Scenes */,
			);
			path = Flow;
			sourceTree = "<group>";
		};
		B6016D3C2A9D0F6B0041BA4A /* ActionHandler */ = {
			isa = PBXGroup;
			children = (
				B6016D382A9D0F020041BA4A /* ActionHandler.swift */,
				B6016D3A2A9D0F3E0041BA4A /* ActionHandlerInput.swift */,
			);
			path = ActionHandler;
			sourceTree = "<group>";
		};
		B6016D3F2A9D106C0041BA4A /* Presenter */ = {
			isa = PBXGroup;
			children = (
				B6016D3D2A9D10360041BA4A /* DetailsPresenter.swift */,
				B6016D452A9D112F0041BA4A /* DetailsPresenterInput.swift */,
				B6016D402A9D10840041BA4A /* DetailsPresenterToView.swift */,
			);
			path = Presenter;
			sourceTree = "<group>";
		};
		B6016D442A9D10F10041BA4A /* View */ = {
			isa = PBXGroup;
			children = (
				B6016D472A9D12DC0041BA4A /* Subviews */,
				B6016D4A2A9D137A0041BA4A /* DetailsViewController.swift */,
			);
			path = View;
			sourceTree = "<group>";
		};
		B6016D472A9D12DC0041BA4A /* Subviews */ = {
			isa = PBXGroup;
			children = (
				B6016D482A9D12F70041BA4A /* DetailsView.swift */,
				B6016D422A9D10CB0041BA4A /* DetailsViewModel.swift */,
			);
			path = Subviews;
			sourceTree = "<group>";
		};
		B6D0D7702A9BDD6100B50FDD = {
			isa = PBXGroup;
			children = (
				B6D0D77B2A9BDD6100B50FDD /* AvitoTestTask */,
				B6D0D77A2A9BDD6100B50FDD /* Products */,
			);
			sourceTree = "<group>";
		};
		B6D0D77A2A9BDD6100B50FDD /* Products */ = {
			isa = PBXGroup;
			children = (
				B6D0D7792A9BDD6100B50FDD /* AvitoTestTask.app */,
			);
			name = Products;
			sourceTree = "<group>";
		};
		B6D0D77B2A9BDD6100B50FDD /* AvitoTestTask */ = {
			isa = PBXGroup;
			children = (
				B6D0D7902A9BE42800B50FDD /* App */,
				B6016CE52A9CF6ED0041BA4A /* Architecture */,
				B6016D102A9D00DE0041BA4A /* Components */,
				B6016D232A9D05780041BA4A /* Extensions */,
				B6016D372A9D0E7F0041BA4A /* Flow */,
				B6016CF92A9CFC2F0041BA4A /* Services */,
			);
			path = AvitoTestTask;
			sourceTree = "<group>";
		};
		B6D0D7902A9BE42800B50FDD /* App */ = {
			isa = PBXGroup;
			children = (
				B6D0D77C2A9BDD6100B50FDD /* AppDelegate.swift */,
				B6D0D7852A9BDD6200B50FDD /* Assets.xcassets */,
				B6016D152A9D01B40041BA4A /* CallAsyncThrowing.swift */,
				B6016CDA2A9CEC470041BA4A /* CoordinatorFactory.swift */,
				B6D0D78A2A9BDD6200B50FDD /* Info.plist */,
				B6D0D7872A9BDD6200B50FDD /* LaunchScreen.storyboard */,
			);
			path = App;
			sourceTree = "<group>";
		};
/* End PBXGroup section */

/* Begin PBXNativeTarget section */
		B6D0D7782A9BDD6100B50FDD /* AvitoTestTask */ = {
			isa = PBXNativeTarget;
			buildConfigurationList = B6D0D78D2A9BDD6200B50FDD /* Build configuration list for PBXNativeTarget "AvitoTestTask" */;
			buildPhases = (
				B6D0D7752A9BDD6100B50FDD /* Sources */,
				B6D0D7762A9BDD6100B50FDD /* Frameworks */,
				B6D0D7772A9BDD6100B50FDD /* Resources */,
			);
			buildRules = (
			);
			dependencies = (
			);
			name = AvitoTestTask;
			productName = AvitoTestTask;
			productReference = B6D0D7792A9BDD6100B50FDD /* AvitoTestTask.app */;
			productType = "com.apple.product-type.application";
		};
/* End PBXNativeTarget section */

/* Begin PBXProject section */
		B6D0D7712A9BDD6100B50FDD /* Project object */ = {
			isa = PBXProject;
			attributes = {
				BuildIndependentTargetsInParallel = 1;
				LastSwiftUpdateCheck = 1430;
				LastUpgradeCheck = 1430;
				TargetAttributes = {
					B6D0D7782A9BDD6100B50FDD = {
						CreatedOnToolsVersion = 14.3.1;
					};
				};
			};
			buildConfigurationList = B6D0D7742A9BDD6100B50FDD /* Build configuration list for PBXProject "AvitoTestTask" */;
			compatibilityVersion = "Xcode 14.0";
			developmentRegion = en;
			hasScannedForEncodings = 0;
			knownRegions = (
				en,
				Base,
			);
			mainGroup = B6D0D7702A9BDD6100B50FDD;
			productRefGroup = B6D0D77A2A9BDD6100B50FDD /* Products */;
			projectDirPath = "";
			projectRoot = "";
			targets = (
				B6D0D7782A9BDD6100B50FDD /* AvitoTestTask */,
			);
		};
/* End PBXProject section */

/* Begin PBXResourcesBuildPhase section */
		B6D0D7772A9BDD6100B50FDD /* Resources */ = {
			isa = PBXResourcesBuildPhase;
			buildActionMask = 2147483647;
			files = (
				B6D0D7892A9BDD6200B50FDD /* LaunchScreen.storyboard in Resources */,
				B6D0D7862A9BDD6200B50FDD /* Assets.xcassets in Resources */,
			);
			runOnlyForDeploymentPostprocessing = 0;
		};
/* End PBXResourcesBuildPhase section */

/* Begin PBXSourcesBuildPhase section */
		B6D0D7752A9BDD6100B50FDD /* Sources */ = {
			isa = PBXSourcesBuildPhase;
			buildActionMask = 2147483647;
			files = (
				B6016D142A9D016F0041BA4A /* CardViewModel.swift in Sources */,
				B6016D302A9D0B070041BA4A /* DetailsServiceInput.swift in Sources */,
				B6016D122A9D00F80041BA4A /* ViewControllerState.swift in Sources */,
				B6016CE12A9CEDF30041BA4A /* Router.swift in Sources */,
				B6016D1E2A9D03FF0041BA4A /* Palette.swift in Sources */,
				B6016D1C2A9D03C00041BA4A /* LoaderView.swift in Sources */,
				B6016D292A9D06E10041BA4A /* UIView+addSubviewAndPinToEdges.swift in Sources */,
				B6016D262A9D05FD0041BA4A /* CardCell.swift in Sources */,
				B6016D0F2A9D00A50041BA4A /* Statable.swift in Sources */,
				B6016D3E2A9D10360041BA4A /* DetailsPresenter.swift in Sources */,
				B6016D4D2A9D13EE0041BA4A /* UIViewController+Presentable.swift in Sources */,
				B6016CF02A9CF9020041BA4A /* ImageLoaderInput.swift in Sources */,
				B6D0D77D2A9BDD6100B50FDD /* AppDelegate.swift in Sources */,
				B6016CFB2A9CFCC40041BA4A /* SceneAssembler.swift in Sources */,
				B6016D182A9D02330041BA4A /* ListPresenterInput.swift in Sources */,
				B6016D1A2A9D02CA0041BA4A /* ListViewController.swift in Sources */,
				B6016D222A9D05410041BA4A /* UIColor+dynamicColor.swift in Sources */,
				B6016D202A9D046C0041BA4A /* ErrorMessageView.swift in Sources */,
				B6016D2B2A9D09B50041BA4A /* ApplicationCoordinator.swift in Sources */,
				B6016CE92A9CF7AB0041BA4A /* RequestSenderInput.swift in Sources */,
				B6016CE72A9CF7350041BA4A /* RequestSender.swift in Sources */,
				B6016D0D2A9D002C0041BA4A /* ListPresenterToView.swift in Sources */,
				B6016CE42A9CEF1A0041BA4A /* Coordinator.swift in Sources */,
				B6016CEE2A9CF8B90041BA4A /* ImageLoader.swift in Sources */,
				B6016CFD2A9CFD010041BA4A /* SceneAssembly.swift in Sources */,
				B6016D2E2A9D0AD40041BA4A /* DetailsService.swift in Sources */,
				B6016D082A9CFF7D0041BA4A /* ListSchema.swift in Sources */,
				B6016D462A9D112F0041BA4A /* DetailsPresenterInput.swift in Sources */,
				B6016D0B2A9CFFE80041BA4A /* ListPresenter.swift in Sources */,
				B6016D432A9D10CB0041BA4A /* DetailsViewModel.swift in Sources */,
				B6016D492A9D12F70041BA4A /* DetailsView.swift in Sources */,
				B6016CDF2A9CEDA90041BA4A /* BaseRouter.swift in Sources */,
				B6016CFF2A9CFDBE0041BA4A /* Presentable.swift in Sources */,
				B6016CDB2A9CEC470041BA4A /* CoordinatorFactory.swift in Sources */,
				B6016D042A9CFF060041BA4A /* ListService.swift in Sources */,
				B6016D412A9D10840041BA4A /* DetailsPresenterToView.swift in Sources */,
				B6016D3B2A9D0F3E0041BA4A /* ActionHandlerInput.swift in Sources */,
				B6016D012A9CFE730041BA4A /* ListPresenterToCoordinator.swift in Sources */,
				B6016D062A9CFF3F0041BA4A /* ListServiceInput.swift in Sources */,
				B6016D162A9D01B40041BA4A /* CallAsyncThrowing.swift in Sources */,
				B6016CEB2A9CF7E90041BA4A /* RequestSenderError.swift in Sources */,
				B6016D4B2A9D137A0041BA4A /* DetailsViewController.swift in Sources */,
				B6016D392A9D0F020041BA4A /* ActionHandler.swift in Sources */,
				B6016D322A9D0B310041BA4A /* DetailsSchema.swift in Sources */,
			);
			runOnlyForDeploymentPostprocessing = 0;
		};
/* End PBXSourcesBuildPhase section */

/* Begin PBXVariantGroup section */
		B6D0D7872A9BDD6200B50FDD /* LaunchScreen.storyboard */ = {
			isa = PBXVariantGroup;
			children = (
				B6D0D7882A9BDD6200B50FDD /* Base */,
			);
			name = LaunchScreen.storyboard;
			sourceTree = "<group>";
		};
/* End PBXVariantGroup section */

/* Begin XCBuildConfiguration section */
		B6D0D78B2A9BDD6200B50FDD /* Debug */ = {
			isa = XCBuildConfiguration;
			buildSettings = {
				ALWAYS_SEARCH_USER_PATHS = NO;
				CLANG_ANALYZER_NONNULL = YES;
				CLANG_ANALYZER_NUMBER_OBJECT_CONVERSION = YES_AGGRESSIVE;
				CLANG_CXX_LANGUAGE_STANDARD = "gnu++20";
				CLANG_ENABLE_MODULES = YES;
				CLANG_ENABLE_OBJC_ARC = YES;
				CLANG_ENABLE_OBJC_WEAK = YES;
				CLANG_WARN_BLOCK_CAPTURE_AUTORELEASING = YES;
				CLANG_WARN_BOOL_CONVERSION = YES;
				CLANG_WARN_COMMA = YES;
				CLANG_WARN_CONSTANT_CONVERSION = YES;
				CLANG_WARN_DEPRECATED_OBJC_IMPLEMENTATIONS = YES;
				CLANG_WARN_DIRECT_OBJC_ISA_USAGE = YES_ERROR;
				CLANG_WARN_DOCUMENTATION_COMMENTS = YES;
				CLANG_WARN_EMPTY_BODY = YES;
				CLANG_WARN_ENUM_CONVERSION = YES;
				CLANG_WARN_INFINITE_RECURSION = YES;
				CLANG_WARN_INT_CONVERSION = YES;
				CLANG_WARN_NON_LITERAL_NULL_CONVERSION = YES;
				CLANG_WARN_OBJC_IMPLICIT_RETAIN_SELF = YES;
				CLANG_WARN_OBJC_LITERAL_CONVERSION = YES;
				CLANG_WARN_OBJC_ROOT_CLASS = YES_ERROR;
				CLANG_WARN_QUOTED_INCLUDE_IN_FRAMEWORK_HEADER = YES;
				CLANG_WARN_RANGE_LOOP_ANALYSIS = YES;
				CLANG_WARN_STRICT_PROTOTYPES = YES;
				CLANG_WARN_SUSPICIOUS_MOVE = YES;
				CLANG_WARN_UNGUARDED_AVAILABILITY = YES_AGGRESSIVE;
				CLANG_WARN_UNREACHABLE_CODE = YES;
				CLANG_WARN__DUPLICATE_METHOD_MATCH = YES;
				COPY_PHASE_STRIP = NO;
				DEBUG_INFORMATION_FORMAT = dwarf;
				ENABLE_STRICT_OBJC_MSGSEND = YES;
				ENABLE_TESTABILITY = YES;
				GCC_C_LANGUAGE_STANDARD = gnu11;
				GCC_DYNAMIC_NO_PIC = NO;
				GCC_NO_COMMON_BLOCKS = YES;
				GCC_OPTIMIZATION_LEVEL = 0;
				GCC_PREPROCESSOR_DEFINITIONS = (
					"DEBUG=1",
					"$(inherited)",
				);
				GCC_WARN_64_TO_32_BIT_CONVERSION = YES;
				GCC_WARN_ABOUT_RETURN_TYPE = YES_ERROR;
				GCC_WARN_UNDECLARED_SELECTOR = YES;
				GCC_WARN_UNINITIALIZED_AUTOS = YES_AGGRESSIVE;
				GCC_WARN_UNUSED_FUNCTION = YES;
				GCC_WARN_UNUSED_VARIABLE = YES;
				IPHONEOS_DEPLOYMENT_TARGET = 16.4;
				MTL_ENABLE_DEBUG_INFO = INCLUDE_SOURCE;
				MTL_FAST_MATH = YES;
				ONLY_ACTIVE_ARCH = YES;
				SDKROOT = iphoneos;
				SWIFT_ACTIVE_COMPILATION_CONDITIONS = DEBUG;
				SWIFT_OPTIMIZATION_LEVEL = "-Onone";
			};
			name = Debug;
		};
		B6D0D78C2A9BDD6200B50FDD /* Release */ = {
			isa = XCBuildConfiguration;
			buildSettings = {
				ALWAYS_SEARCH_USER_PATHS = NO;
				CLANG_ANALYZER_NONNULL = YES;
				CLANG_ANALYZER_NUMBER_OBJECT_CONVERSION = YES_AGGRESSIVE;
				CLANG_CXX_LANGUAGE_STANDARD = "gnu++20";
				CLANG_ENABLE_MODULES = YES;
				CLANG_ENABLE_OBJC_ARC = YES;
				CLANG_ENABLE_OBJC_WEAK = YES;
				CLANG_WARN_BLOCK_CAPTURE_AUTORELEASING = YES;
				CLANG_WARN_BOOL_CONVERSION = YES;
				CLANG_WARN_COMMA = YES;
				CLANG_WARN_CONSTANT_CONVERSION = YES;
				CLANG_WARN_DEPRECATED_OBJC_IMPLEMENTATIONS = YES;
				CLANG_WARN_DIRECT_OBJC_ISA_USAGE = YES_ERROR;
				CLANG_WARN_DOCUMENTATION_COMMENTS = YES;
				CLANG_WARN_EMPTY_BODY = YES;
				CLANG_WARN_ENUM_CONVERSION = YES;
				CLANG_WARN_INFINITE_RECURSION = YES;
				CLANG_WARN_INT_CONVERSION = YES;
				CLANG_WARN_NON_LITERAL_NULL_CONVERSION = YES;
				CLANG_WARN_OBJC_IMPLICIT_RETAIN_SELF = YES;
				CLANG_WARN_OBJC_LITERAL_CONVERSION = YES;
				CLANG_WARN_OBJC_ROOT_CLASS = YES_ERROR;
				CLANG_WARN_QUOTED_INCLUDE_IN_FRAMEWORK_HEADER = YES;
				CLANG_WARN_RANGE_LOOP_ANALYSIS = YES;
				CLANG_WARN_STRICT_PROTOTYPES = YES;
				CLANG_WARN_SUSPICIOUS_MOVE = YES;
				CLANG_WARN_UNGUARDED_AVAILABILITY = YES_AGGRESSIVE;
				CLANG_WARN_UNREACHABLE_CODE = YES;
				CLANG_WARN__DUPLICATE_METHOD_MATCH = YES;
				COPY_PHASE_STRIP = NO;
				DEBUG_INFORMATION_FORMAT = "dwarf-with-dsym";
				ENABLE_NS_ASSERTIONS = NO;
				ENABLE_STRICT_OBJC_MSGSEND = YES;
				GCC_C_LANGUAGE_STANDARD = gnu11;
				GCC_NO_COMMON_BLOCKS = YES;
				GCC_WARN_64_TO_32_BIT_CONVERSION = YES;
				GCC_WARN_ABOUT_RETURN_TYPE = YES_ERROR;
				GCC_WARN_UNDECLARED_SELECTOR = YES;
				GCC_WARN_UNINITIALIZED_AUTOS = YES_AGGRESSIVE;
				GCC_WARN_UNUSED_FUNCTION = YES;
				GCC_WARN_UNUSED_VARIABLE = YES;
				IPHONEOS_DEPLOYMENT_TARGET = 16.4;
				MTL_ENABLE_DEBUG_INFO = NO;
				MTL_FAST_MATH = YES;
				SDKROOT = iphoneos;
				SWIFT_COMPILATION_MODE = wholemodule;
				SWIFT_OPTIMIZATION_LEVEL = "-O";
				VALIDATE_PRODUCT = YES;
			};
			name = Release;
		};
		B6D0D78E2A9BDD6200B50FDD /* Debug */ = {
			isa = XCBuildConfiguration;
			buildSettings = {
				ASSETCATALOG_COMPILER_APPICON_NAME = AppIcon;
				ASSETCATALOG_COMPILER_GLOBAL_ACCENT_COLOR_NAME = AccentColor;
				CODE_SIGN_STYLE = Automatic;
				CURRENT_PROJECT_VERSION = 1;
				GENERATE_INFOPLIST_FILE = YES;
				INFOPLIST_FILE = AvitoTestTask/App/Info.plist;
				INFOPLIST_KEY_UIApplicationSupportsIndirectInputEvents = YES;
				INFOPLIST_KEY_UILaunchStoryboardName = LaunchScreen;
				INFOPLIST_KEY_UISupportedInterfaceOrientations_iPad = "UIInterfaceOrientationPortrait UIInterfaceOrientationPortraitUpsideDown UIInterfaceOrientationLandscapeLeft UIInterfaceOrientationLandscapeRight";
				INFOPLIST_KEY_UISupportedInterfaceOrientations_iPhone = "UIInterfaceOrientationPortrait UIInterfaceOrientationLandscapeLeft UIInterfaceOrientationLandscapeRight";
				LD_RUNPATH_SEARCH_PATHS = (
					"$(inherited)",
					"@executable_path/Frameworks",
				);
				MARKETING_VERSION = 1.0;
				PRODUCT_BUNDLE_IDENTIFIER = com.andrewleonov.AvitoTestTask;
				PRODUCT_NAME = "$(TARGET_NAME)";
				SWIFT_EMIT_LOC_STRINGS = YES;
				SWIFT_VERSION = 5.0;
				TARGETED_DEVICE_FAMILY = "1,2";
			};
			name = Debug;
		};
		B6D0D78F2A9BDD6200B50FDD /* Release */ = {
			isa = XCBuildConfiguration;
			buildSettings = {
				ASSETCATALOG_COMPILER_APPICON_NAME = AppIcon;
				ASSETCATALOG_COMPILER_GLOBAL_ACCENT_COLOR_NAME = AccentColor;
				CODE_SIGN_STYLE = Automatic;
				CURRENT_PROJECT_VERSION = 1;
				GENERATE_INFOPLIST_FILE = YES;
				INFOPLIST_FILE = AvitoTestTask/App/Info.plist;
				INFOPLIST_KEY_UIApplicationSupportsIndirectInputEvents = YES;
				INFOPLIST_KEY_UILaunchStoryboardName = LaunchScreen;
				INFOPLIST_KEY_UISupportedInterfaceOrientations_iPad = "UIInterfaceOrientationPortrait UIInterfaceOrientationPortraitUpsideDown UIInterfaceOrientationLandscapeLeft UIInterfaceOrientationLandscapeRight";
				INFOPLIST_KEY_UISupportedInterfaceOrientations_iPhone = "UIInterfaceOrientationPortrait UIInterfaceOrientationLandscapeLeft UIInterfaceOrientationLandscapeRight";
				LD_RUNPATH_SEARCH_PATHS = (
					"$(inherited)",
					"@executable_path/Frameworks",
				);
				MARKETING_VERSION = 1.0;
				PRODUCT_BUNDLE_IDENTIFIER = com.andrewleonov.AvitoTestTask;
				PRODUCT_NAME = "$(TARGET_NAME)";
				SWIFT_EMIT_LOC_STRINGS = YES;
				SWIFT_VERSION = 5.0;
				TARGETED_DEVICE_FAMILY = "1,2";
			};
			name = Release;
		};
/* End XCBuildConfiguration section */

/* Begin XCConfigurationList section */
		B6D0D7742A9BDD6100B50FDD /* Build configuration list for PBXProject "AvitoTestTask" */ = {
			isa = XCConfigurationList;
			buildConfigurations = (
				B6D0D78B2A9BDD6200B50FDD /* Debug */,
				B6D0D78C2A9BDD6200B50FDD /* Release */,
			);
			defaultConfigurationIsVisible = 0;
			defaultConfigurationName = Release;
		};
		B6D0D78D2A9BDD6200B50FDD /* Build configuration list for PBXNativeTarget "AvitoTestTask" */ = {
			isa = XCConfigurationList;
			buildConfigurations = (
				B6D0D78E2A9BDD6200B50FDD /* Debug */,
				B6D0D78F2A9BDD6200B50FDD /* Release */,
			);
			defaultConfigurationIsVisible = 0;
			defaultConfigurationName = Release;
		};
/* End XCConfigurationList section */
	};
	rootObject = B6D0D7712A9BDD6100B50FDD /* Project object */;
}
